
Microsoft Visual Studio Solution File, Format Version 12.00
# Visual Studio Version 17
VisualStudioVersion = 17.5.33516.290
MinimumVisualStudioVersion = 10.0.40219.1
Project("{2150E333-8FDC-42A3-9474-1A3956D46DE8}") = "NugetPackage", "NugetPackage", "{F7670559-8868-458F-9A7F-1E294732E2B9}"
EndProject
Project("{9A19103F-16F7-4668-BE54-9A1E7A4F7556}") = "EsriCo.ArcGISRuntime.Xamarin.Forms", "EsriCo.ArcGISRuntime.Xamarin.Forms\Esrico.ArcGISRuntime.Xamarin.Forms\EsriCo.ArcGISRuntime.Xamarin.Forms.csproj", "{B4D97F92-5147-4BA7-979C-7CBA81DF172C}"
EndProject
Project("{2150E333-8FDC-42A3-9474-1A3956D46DE8}") = "Solution Items", "Solution Items", "{64163628-71D4-4C85-8528-4154456AD0F1}"
	ProjectSection(SolutionItems) = preProject
		.editorconfig = .editorconfig
	EndProjectSection
EndProject
Global
	GlobalSection(SolutionConfigurationPlatforms) = preSolution
		Ad-Hoc|Any CPU = Ad-Hoc|Any CPU
		Ad-Hoc|ARM = Ad-Hoc|ARM
		Ad-Hoc|iPhone = Ad-Hoc|iPhone
		Ad-Hoc|iPhoneSimulator = Ad-Hoc|iPhoneSimulator
		Ad-Hoc|x64 = Ad-Hoc|x64
		Ad-Hoc|x86 = Ad-Hoc|x86
		AppStore|Any CPU = AppStore|Any CPU
		AppStore|ARM = AppStore|ARM
		AppStore|iPhone = AppStore|iPhone
		AppStore|iPhoneSimulator = AppStore|iPhoneSimulator
		AppStore|x64 = AppStore|x64
		AppStore|x86 = AppStore|x86
		Debug.Android|Any CPU = Debug.Android|Any CPU
		Debug.Android|ARM = Debug.Android|ARM
		Debug.Android|iPhone = Debug.Android|iPhone
		Debug.Android|iPhoneSimulator = Debug.Android|iPhoneSimulator
		Debug.Android|x64 = Debug.Android|x64
		Debug.Android|x86 = Debug.Android|x86
		Debug.UWP|Any CPU = Debug.UWP|Any CPU
		Debug.UWP|ARM = Debug.UWP|ARM
		Debug.UWP|iPhone = Debug.UWP|iPhone
		Debug.UWP|iPhoneSimulator = Debug.UWP|iPhoneSimulator
		Debug.UWP|x64 = Debug.UWP|x64
		Debug.UWP|x86 = Debug.UWP|x86
		Debug|Any CPU = Debug|Any CPU
		Debug|ARM = Debug|ARM
		Debug|iPhone = Debug|iPhone
		Debug|iPhoneSimulator = Debug|iPhoneSimulator
		Debug|x64 = Debug|x64
		Debug|x86 = Debug|x86
		Release.Android|Any CPU = Release.Android|Any CPU
		Release.Android|ARM = Release.Android|ARM
		Release.Android|iPhone = Release.Android|iPhone
		Release.Android|iPhoneSimulator = Release.Android|iPhoneSimulator
		Release.Android|x64 = Release.Android|x64
		Release.Android|x86 = Release.Android|x86
		Release.UWP|Any CPU = Release.UWP|Any CPU
		Release.UWP|ARM = Release.UWP|ARM
		Release.UWP|iPhone = Release.UWP|iPhone
		Release.UWP|iPhoneSimulator = Release.UWP|iPhoneSimulator
		Release.UWP|x64 = Release.UWP|x64
		Release.UWP|x86 = Release.UWP|x86
		Release|Any CPU = Release|Any CPU
		Release|ARM = Release|ARM
		Release|iPhone = Release|iPhone
		Release|iPhoneSimulator = Release|iPhoneSimulator
		Release|x64 = Release|x64
		Release|x86 = Release|x86
	EndGlobalSection
	GlobalSection(ProjectConfigurationPlatforms) = postSolution
		{B4D97F92-5147-4BA7-979C-7CBA81DF172C}.Ad-Hoc|Any CPU.ActiveCfg = Debug|Any CPU
		{B4D97F92-5147-4BA7-979C-7CBA81DF172C}.Ad-Hoc|Any CPU.Build.0 = Debug|Any CPU
		{B4D97F92-5147-4BA7-979C-7CBA81DF172C}.Ad-Hoc|ARM.ActiveCfg = Debug|Any CPU
		{B4D97F92-5147-4BA7-979C-7CBA81DF172C}.Ad-Hoc|ARM.Build.0 = Debug|Any CPU
		{B4D97F92-5147-4BA7-979C-7CBA81DF172C}.Ad-Hoc|iPhone.ActiveCfg = Debug|Any CPU
		{B4D97F92-5147-4BA7-979C-7CBA81DF172C}.Ad-Hoc|iPhone.Build.0 = Debug|Any CPU
		{B4D97F92-5147-4BA7-979C-7CBA81DF172C}.Ad-Hoc|iPhoneSimulator.ActiveCfg = Debug|Any CPU
		{B4D97F92-5147-4BA7-979C-7CBA81DF172C}.Ad-Hoc|iPhoneSimulator.Build.0 = Debug|Any CPU
		{B4D97F92-5147-4BA7-979C-7CBA81DF172C}.Ad-Hoc|x64.ActiveCfg = Debug|Any CPU
		{B4D97F92-5147-4BA7-979C-7CBA81DF172C}.Ad-Hoc|x64.Build.0 = Debug|Any CPU
		{B4D97F92-5147-4BA7-979C-7CBA81DF172C}.Ad-Hoc|x86.ActiveCfg = Debug|Any CPU
		{B4D97F92-5147-4BA7-979C-7CBA81DF172C}.Ad-Hoc|x86.Build.0 = Debug|Any CPU
		{B4D97F92-5147-4BA7-979C-7CBA81DF172C}.AppStore|Any CPU.ActiveCfg = Debug|Any CPU
		{B4D97F92-5147-4BA7-979C-7CBA81DF172C}.AppStore|Any CPU.Build.0 = Debug|Any CPU
		{B4D97F92-5147-4BA7-979C-7CBA81DF172C}.AppStore|ARM.ActiveCfg = Debug|Any CPU
		{B4D97F92-5147-4BA7-979C-7CBA81DF172C}.AppStore|ARM.Build.0 = Debug|Any CPU
		{B4D97F92-5147-4BA7-979C-7CBA81DF172C}.AppStore|iPhone.ActiveCfg = Debug|Any CPU
		{B4D97F92-5147-4BA7-979C-7CBA81DF172C}.AppStore|iPhone.Build.0 = Debug|Any CPU
		{B4D97F92-5147-4BA7-979C-7CBA81DF172C}.AppStore|iPhoneSimulator.ActiveCfg = Debug|Any CPU
		{B4D97F92-5147-4BA7-979C-7CBA81DF172C}.AppStore|iPhoneSimulator.Build.0 = Debug|Any CPU
		{B4D97F92-5147-4BA7-979C-7CBA81DF172C}.AppStore|x64.ActiveCfg = Debug|Any CPU
		{B4D97F92-5147-4BA7-979C-7CBA81DF172C}.AppStore|x64.Build.0 = Debug|Any CPU
		{B4D97F92-5147-4BA7-979C-7CBA81DF172C}.AppStore|x86.ActiveCfg = Debug|Any CPU
		{B4D97F92-5147-4BA7-979C-7CBA81DF172C}.AppStore|x86.Build.0 = Debug|Any CPU
		{B4D97F92-5147-4BA7-979C-7CBA81DF172C}.Debug.Android|Any CPU.ActiveCfg = Debug.Android|Any CPU
		{B4D97F92-5147-4BA7-979C-7CBA81DF172C}.Debug.Android|Any CPU.Build.0 = Debug.Android|Any CPU
		{B4D97F92-5147-4BA7-979C-7CBA81DF172C}.Debug.Android|ARM.ActiveCfg = Debug.Android|Any CPU
		{B4D97F92-5147-4BA7-979C-7CBA81DF172C}.Debug.Android|ARM.Build.0 = Debug.Android|Any CPU
		{B4D97F92-5147-4BA7-979C-7CBA81DF172C}.Debug.Android|iPhone.ActiveCfg = Debug.Android|Any CPU
		{B4D97F92-5147-4BA7-979C-7CBA81DF172C}.Debug.Android|iPhone.Build.0 = Debug.Android|Any CPU
		{B4D97F92-5147-4BA7-979C-7CBA81DF172C}.Debug.Android|iPhoneSimulator.ActiveCfg = Debug.Android|Any CPU
		{B4D97F92-5147-4BA7-979C-7CBA81DF172C}.Debug.Android|iPhoneSimulator.Build.0 = Debug.Android|Any CPU
		{B4D97F92-5147-4BA7-979C-7CBA81DF172C}.Debug.Android|x64.ActiveCfg = Debug.Android|Any CPU
		{B4D97F92-5147-4BA7-979C-7CBA81DF172C}.Debug.Android|x64.Build.0 = Debug.Android|Any CPU
		{B4D97F92-5147-4BA7-979C-7CBA81DF172C}.Debug.Android|x86.ActiveCfg = Debug.Android|Any CPU
		{B4D97F92-5147-4BA7-979C-7CBA81DF172C}.Debug.Android|x86.Build.0 = Debug.Android|Any CPU
		{B4D97F92-5147-4BA7-979C-7CBA81DF172C}.Debug.UWP|Any CPU.ActiveCfg = Debug.UWP|Any CPU
		{B4D97F92-5147-4BA7-979C-7CBA81DF172C}.Debug.UWP|Any CPU.Build.0 = Debug.UWP|Any CPU
		{B4D97F92-5147-4BA7-979C-7CBA81DF172C}.Debug.UWP|ARM.ActiveCfg = Debug.UWP|Any CPU
		{B4D97F92-5147-4BA7-979C-7CBA81DF172C}.Debug.UWP|ARM.Build.0 = Debug.UWP|Any CPU
		{B4D97F92-5147-4BA7-979C-7CBA81DF172C}.Debug.UWP|iPhone.ActiveCfg = Debug.UWP|Any CPU
		{B4D97F92-5147-4BA7-979C-7CBA81DF172C}.Debug.UWP|iPhone.Build.0 = Debug.UWP|Any CPU
		{B4D97F92-5147-4BA7-979C-7CBA81DF172C}.Debug.UWP|iPhoneSimulator.ActiveCfg = Debug.UWP|Any CPU
		{B4D97F92-5147-4BA7-979C-7CBA81DF172C}.Debug.UWP|iPhoneSimulator.Build.0 = Debug.UWP|Any CPU
		{B4D97F92-5147-4BA7-979C-7CBA81DF172C}.Debug.UWP|x64.ActiveCfg = Debug.UWP|Any CPU
		{B4D97F92-5147-4BA7-979C-7CBA81DF172C}.Debug.UWP|x64.Build.0 = Debug.UWP|Any CPU
		{B4D97F92-5147-4BA7-979C-7CBA81DF172C}.Debug.UWP|x86.ActiveCfg = Debug.UWP|Any CPU
		{B4D97F92-5147-4BA7-979C-7CBA81DF172C}.Debug.UWP|x86.Build.0 = Debug.UWP|Any CPU
		{B4D97F92-5147-4BA7-979C-7CBA81DF172C}.Debug|Any CPU.ActiveCfg = Debug|Any CPU
		{B4D97F92-5147-4BA7-979C-7CBA81DF172C}.Debug|Any CPU.Build.0 = Debug|Any CPU
		{B4D97F92-5147-4BA7-979C-7CBA81DF172C}.Debug|ARM.ActiveCfg = Debug|Any CPU
		{B4D97F92-5147-4BA7-979C-7CBA81DF172C}.Debug|ARM.Build.0 = Debug|Any CPU
		{B4D97F92-5147-4BA7-979C-7CBA81DF172C}.Debug|iPhone.ActiveCfg = Debug|Any CPU
		{B4D97F92-5147-4BA7-979C-7CBA81DF172C}.Debug|iPhone.Build.0 = Debug|Any CPU
		{B4D97F92-5147-4BA7-979C-7CBA81DF172C}.Debug|iPhoneSimulator.ActiveCfg = Debug|Any CPU
		{B4D97F92-5147-4BA7-979C-7CBA81DF172C}.Debug|iPhoneSimulator.Build.0 = Debug|Any CPU
		{B4D97F92-5147-4BA7-979C-7CBA81DF172C}.Debug|x64.ActiveCfg = Debug|Any CPU
		{B4D97F92-5147-4BA7-979C-7CBA81DF172C}.Debug|x64.Build.0 = Debug|Any CPU
		{B4D97F92-5147-4BA7-979C-7CBA81DF172C}.Debug|x86.ActiveCfg = Debug|Any CPU
		{B4D97F92-5147-4BA7-979C-7CBA81DF172C}.Debug|x86.Build.0 = Debug|Any CPU
		{B4D97F92-5147-4BA7-979C-7CBA81DF172C}.Release.Android|Any CPU.ActiveCfg = Release.Android|Any CPU
		{B4D97F92-5147-4BA7-979C-7CBA81DF172C}.Release.Android|Any CPU.Build.0 = Release.Android|Any CPU
		{B4D97F92-5147-4BA7-979C-7CBA81DF172C}.Release.Android|ARM.ActiveCfg = Release.Android|Any CPU
		{B4D97F92-5147-4BA7-979C-7CBA81DF172C}.Release.Android|ARM.Build.0 = Release.Android|Any CPU
		{B4D97F92-5147-4BA7-979C-7CBA81DF172C}.Release.Android|iPhone.ActiveCfg = Release.Android|Any CPU
		{B4D97F92-5147-4BA7-979C-7CBA81DF172C}.Release.Android|iPhone.Build.0 = Release.Android|Any CPU
		{B4D97F92-5147-4BA7-979C-7CBA81DF172C}.Release.Android|iPhoneSimulator.ActiveCfg = Release.Android|Any CPU
		{B4D97F92-5147-4BA7-979C-7CBA81DF172C}.Release.Android|iPhoneSimulator.Build.0 = Release.Android|Any CPU
		{B4D97F92-5147-4BA7-979C-7CBA81DF172C}.Release.Android|x64.ActiveCfg = Release.Android|Any CPU
		{B4D97F92-5147-4BA7-979C-7CBA81DF172C}.Release.Android|x64.Build.0 = Release.Android|Any CPU
		{B4D97F92-5147-4BA7-979C-7CBA81DF172C}.Release.Android|x86.ActiveCfg = Release.Android|Any CPU
		{B4D97F92-5147-4BA7-979C-7CBA81DF172C}.Release.Android|x86.Build.0 = Release.Android|Any CPU
		{B4D97F92-5147-4BA7-979C-7CBA81DF172C}.Release.UWP|Any CPU.ActiveCfg = Release.UWP|Any CPU
		{B4D97F92-5147-4BA7-979C-7CBA81DF172C}.Release.UWP|Any CPU.Build.0 = Release.UWP|Any CPU
		{B4D97F92-5147-4BA7-979C-7CBA81DF172C}.Release.UWP|ARM.ActiveCfg = Release.UWP|Any CPU
		{B4D97F92-5147-4BA7-979C-7CBA81DF172C}.Release.UWP|ARM.Build.0 = Release.UWP|Any CPU
		{B4D97F92-5147-4BA7-979C-7CBA81DF172C}.Release.UWP|iPhone.ActiveCfg = Release.UWP|Any CPU
		{B4D97F92-5147-4BA7-979C-7CBA81DF172C}.Release.UWP|iPhone.Build.0 = Release.UWP|Any CPU
		{B4D97F92-5147-4BA7-979C-7CBA81DF172C}.Release.UWP|iPhoneSimulator.ActiveCfg = Release.UWP|Any CPU
		{B4D97F92-5147-4BA7-979C-7CBA81DF172C}.Release.UWP|iPhoneSimulator.Build.0 = Release.UWP|Any CPU
		{B4D97F92-5147-4BA7-979C-7CBA81DF172C}.Release.UWP|x64.ActiveCfg = Release.UWP|Any CPU
		{B4D97F92-5147-4BA7-979C-7CBA81DF172C}.Release.UWP|x64.Build.0 = Release.UWP|Any CPU
		{B4D97F92-5147-4BA7-979C-7CBA81DF172C}.Release.UWP|x86.ActiveCfg = Release.UWP|Any CPU
		{B4D97F92-5147-4BA7-979C-7CBA81DF172C}.Release.UWP|x86.Build.0 = Release.UWP|Any CPU
		{B4D97F92-5147-4BA7-979C-7CBA81DF172C}.Release|Any CPU.ActiveCfg = Release|Any CPU
		{B4D97F92-5147-4BA7-979C-7CBA81DF172C}.Release|Any CPU.Build.0 = Release|Any CPU
		{B4D97F92-5147-4BA7-979C-7CBA81DF172C}.Release|ARM.ActiveCfg = Release|Any CPU
		{B4D97F92-5147-4BA7-979C-7CBA81DF172C}.Release|ARM.Build.0 = Release|Any CPU
		{B4D97F92-5147-4BA7-979C-7CBA81DF172C}.Release|iPhone.ActiveCfg = Release|Any CPU
		{B4D97F92-5147-4BA7-979C-7CBA81DF172C}.Release|iPhone.Build.0 = Release|Any CPU
		{B4D97F92-5147-4BA7-979C-7CBA81DF172C}.Release|iPhoneSimulator.ActiveCfg = Release|Any CPU
		{B4D97F92-5147-4BA7-979C-7CBA81DF172C}.Release|iPhoneSimulator.Build.0 = Release|Any CPU
		{B4D97F92-5147-4BA7-979C-7CBA81DF172C}.Release|x64.ActiveCfg = Release|Any CPU
		{B4D97F92-5147-4BA7-979C-7CBA81DF172C}.Release|x64.Build.0 = Release|Any CPU
		{B4D97F92-5147-4BA7-979C-7CBA81DF172C}.Release|x86.ActiveCfg = Release|Any CPU
		{B4D97F92-5147-4BA7-979C-7CBA81DF172C}.Release|x86.Build.0 = Release|Any CPU
	EndGlobalSection
	GlobalSection(SolutionProperties) = preSolution
		HideSolutionNode = FALSE
	EndGlobalSection
	GlobalSection(ExtensibilityGlobals) = postSolution
		SolutionGuid = {5B3CAFAE-EE71-424D-8094-1B595DBA951F}
	EndGlobalSection
EndGlobal
