
Microsoft Visual Studio Solution File, Format Version 12.00
# Visual Studio Version 16
VisualStudioVersion = 16.0.29102.190
MinimumVisualStudioVersion = 10.0.40219.1
Project("{9A19103F-16F7-4668-BE54-9A1E7A4F7556}") = "EsriCo.ArcGISRuntime.Xamarin.Forms", "Esrico.ArcGISRuntime.Xamarin.Forms\EsriCo.ArcGISRuntime.Xamarin.Forms.csproj", "{5D573677-A759-4CCD-A4C1-C1B3CA2FF14F}"
EndProject
Project("{2150E333-8FDC-42A3-9474-1A3956D46DE8}") = "Samples", "Samples", "{93AE8F8A-C80E-4DA7-B9FA-9A23665F2444}"
EndProject
Project("{9A19103F-16F7-4668-BE54-9A1E7A4F7556}") = "BehaviorsSampleApp", "Samples\BehaviorsSampleApp\BehaviorsSampleApp\BehaviorsSampleApp.csproj", "{A6550F54-1FE1-4F7B-9F54-142ABE0563F9}"
EndProject
Project("{FAE04EC0-301F-11D3-BF4B-00C04F79EFBC}") = "BehaviorsSampleApp.Android", "Samples\BehaviorsSampleApp\BehaviorsSampleApp.Android\BehaviorsSampleApp.Android.csproj", "{2CD99720-25F4-4B0F-9BA3-1CA0D446967E}"
EndProject
Project("{FAE04EC0-301F-11D3-BF4B-00C04F79EFBC}") = "BehaviorsSampleApp.iOS", "Samples\BehaviorsSampleApp\BehaviorsSampleApp.iOS\BehaviorsSampleApp.iOS.csproj", "{8D2DBF52-FA2B-459E-A602-8861EFB5D5BA}"
EndProject
Project("{FAE04EC0-301F-11D3-BF4B-00C04F79EFBC}") = "BehaviorsSampleApp.UWP", "Samples\BehaviorsSampleApp\BehaviorsSampleApp.UWP\BehaviorsSampleApp.UWP.csproj", "{05942418-87D5-4422-865B-F42BE38F0F72}"
EndProject
Project("{2150E333-8FDC-42A3-9474-1A3956D46DE8}") = "NugetPackage", "NugetPackage", "{F7670559-8868-458F-9A7F-1E294732E2B9}"
EndProject
Project("{2150E333-8FDC-42A3-9474-1A3956D46DE8}") = "Documentation", "Documentation", "{29BA308B-B5BC-4CFC-84C1-4E065BE54C86}"
	ProjectSection(SolutionItems) = preProject
		Docs\docfx.json = Docs\docfx.json
	EndProjectSection
EndProject
Global
	GlobalSection(SolutionConfigurationPlatforms) = preSolution
		Ad-Hoc|Any CPU = Ad-Hoc|Any CPU
		Ad-Hoc|ARM = Ad-Hoc|ARM
		Ad-Hoc|iPhone = Ad-Hoc|iPhone
		Ad-Hoc|iPhoneSimulator = Ad-Hoc|iPhoneSimulator
		Ad-Hoc|x64 = Ad-Hoc|x64
		Ad-Hoc|x86 = Ad-Hoc|x86
		AppStore|Any CPU = AppStore|Any CPU
		AppStore|ARM = AppStore|ARM
		AppStore|iPhone = AppStore|iPhone
		AppStore|iPhoneSimulator = AppStore|iPhoneSimulator
		AppStore|x64 = AppStore|x64
		AppStore|x86 = AppStore|x86
		Debug|Any CPU = Debug|Any CPU
		Debug|ARM = Debug|ARM
		Debug|iPhone = Debug|iPhone
		Debug|iPhoneSimulator = Debug|iPhoneSimulator
		Debug|x64 = Debug|x64
		Debug|x86 = Debug|x86
		Release|Any CPU = Release|Any CPU
		Release|ARM = Release|ARM
		Release|iPhone = Release|iPhone
		Release|iPhoneSimulator = Release|iPhoneSimulator
		Release|x64 = Release|x64
		Release|x86 = Release|x86
	EndGlobalSection
	GlobalSection(ProjectConfigurationPlatforms) = postSolution
		{5D573677-A759-4CCD-A4C1-C1B3CA2FF14F}.Ad-Hoc|Any CPU.ActiveCfg = Release|Any CPU
		{5D573677-A759-4CCD-A4C1-C1B3CA2FF14F}.Ad-Hoc|Any CPU.Build.0 = Release|Any CPU
		{5D573677-A759-4CCD-A4C1-C1B3CA2FF14F}.Ad-Hoc|ARM.ActiveCfg = Release|Any CPU
		{5D573677-A759-4CCD-A4C1-C1B3CA2FF14F}.Ad-Hoc|ARM.Build.0 = Release|Any CPU
		{5D573677-A759-4CCD-A4C1-C1B3CA2FF14F}.Ad-Hoc|iPhone.ActiveCfg = Release|Any CPU
		{5D573677-A759-4CCD-A4C1-C1B3CA2FF14F}.Ad-Hoc|iPhone.Build.0 = Release|Any CPU
		{5D573677-A759-4CCD-A4C1-C1B3CA2FF14F}.Ad-Hoc|iPhoneSimulator.ActiveCfg = Release|Any CPU
		{5D573677-A759-4CCD-A4C1-C1B3CA2FF14F}.Ad-Hoc|iPhoneSimulator.Build.0 = Release|Any CPU
		{5D573677-A759-4CCD-A4C1-C1B3CA2FF14F}.Ad-Hoc|x64.ActiveCfg = Release|Any CPU
		{5D573677-A759-4CCD-A4C1-C1B3CA2FF14F}.Ad-Hoc|x64.Build.0 = Release|Any CPU
		{5D573677-A759-4CCD-A4C1-C1B3CA2FF14F}.Ad-Hoc|x86.ActiveCfg = Release|Any CPU
		{5D573677-A759-4CCD-A4C1-C1B3CA2FF14F}.Ad-Hoc|x86.Build.0 = Release|Any CPU
		{5D573677-A759-4CCD-A4C1-C1B3CA2FF14F}.AppStore|Any CPU.ActiveCfg = Release|Any CPU
		{5D573677-A759-4CCD-A4C1-C1B3CA2FF14F}.AppStore|Any CPU.Build.0 = Release|Any CPU
		{5D573677-A759-4CCD-A4C1-C1B3CA2FF14F}.AppStore|ARM.ActiveCfg = Release|Any CPU
		{5D573677-A759-4CCD-A4C1-C1B3CA2FF14F}.AppStore|ARM.Build.0 = Release|Any CPU
		{5D573677-A759-4CCD-A4C1-C1B3CA2FF14F}.AppStore|iPhone.ActiveCfg = Release|Any CPU
		{5D573677-A759-4CCD-A4C1-C1B3CA2FF14F}.AppStore|iPhone.Build.0 = Release|Any CPU
		{5D573677-A759-4CCD-A4C1-C1B3CA2FF14F}.AppStore|iPhoneSimulator.ActiveCfg = Release|Any CPU
		{5D573677-A759-4CCD-A4C1-C1B3CA2FF14F}.AppStore|iPhoneSimulator.Build.0 = Release|Any CPU
		{5D573677-A759-4CCD-A4C1-C1B3CA2FF14F}.AppStore|x64.ActiveCfg = Release|Any CPU
		{5D573677-A759-4CCD-A4C1-C1B3CA2FF14F}.AppStore|x64.Build.0 = Release|Any CPU
		{5D573677-A759-4CCD-A4C1-C1B3CA2FF14F}.AppStore|x86.ActiveCfg = Release|Any CPU
		{5D573677-A759-4CCD-A4C1-C1B3CA2FF14F}.AppStore|x86.Build.0 = Release|Any CPU
		{5D573677-A759-4CCD-A4C1-C1B3CA2FF14F}.Debug|Any CPU.ActiveCfg = Debug|Any CPU
		{5D573677-A759-4CCD-A4C1-C1B3CA2FF14F}.Debug|Any CPU.Build.0 = Debug|Any CPU
		{5D573677-A759-4CCD-A4C1-C1B3CA2FF14F}.Debug|ARM.ActiveCfg = Debug|Any CPU
		{5D573677-A759-4CCD-A4C1-C1B3CA2FF14F}.Debug|ARM.Build.0 = Debug|Any CPU
		{5D573677-A759-4CCD-A4C1-C1B3CA2FF14F}.Debug|iPhone.ActiveCfg = Debug|Any CPU
		{5D573677-A759-4CCD-A4C1-C1B3CA2FF14F}.Debug|iPhone.Build.0 = Debug|Any CPU
		{5D573677-A759-4CCD-A4C1-C1B3CA2FF14F}.Debug|iPhoneSimulator.ActiveCfg = Debug|Any CPU
		{5D573677-A759-4CCD-A4C1-C1B3CA2FF14F}.Debug|iPhoneSimulator.Build.0 = Debug|Any CPU
		{5D573677-A759-4CCD-A4C1-C1B3CA2FF14F}.Debug|x64.ActiveCfg = Debug|Any CPU
		{5D573677-A759-4CCD-A4C1-C1B3CA2FF14F}.Debug|x64.Build.0 = Debug|Any CPU
		{5D573677-A759-4CCD-A4C1-C1B3CA2FF14F}.Debug|x86.ActiveCfg = Debug|Any CPU
		{5D573677-A759-4CCD-A4C1-C1B3CA2FF14F}.Debug|x86.Build.0 = Debug|Any CPU
		{5D573677-A759-4CCD-A4C1-C1B3CA2FF14F}.Release|Any CPU.ActiveCfg = Release|Any CPU
		{5D573677-A759-4CCD-A4C1-C1B3CA2FF14F}.Release|Any CPU.Build.0 = Release|Any CPU
		{5D573677-A759-4CCD-A4C1-C1B3CA2FF14F}.Release|ARM.ActiveCfg = Release|Any CPU
		{5D573677-A759-4CCD-A4C1-C1B3CA2FF14F}.Release|ARM.Build.0 = Release|Any CPU
		{5D573677-A759-4CCD-A4C1-C1B3CA2FF14F}.Release|iPhone.ActiveCfg = Release|Any CPU
		{5D573677-A759-4CCD-A4C1-C1B3CA2FF14F}.Release|iPhone.Build.0 = Release|Any CPU
		{5D573677-A759-4CCD-A4C1-C1B3CA2FF14F}.Release|iPhoneSimulator.ActiveCfg = Release|Any CPU
		{5D573677-A759-4CCD-A4C1-C1B3CA2FF14F}.Release|iPhoneSimulator.Build.0 = Release|Any CPU
		{5D573677-A759-4CCD-A4C1-C1B3CA2FF14F}.Release|x64.ActiveCfg = Release|Any CPU
		{5D573677-A759-4CCD-A4C1-C1B3CA2FF14F}.Release|x64.Build.0 = Release|Any CPU
		{5D573677-A759-4CCD-A4C1-C1B3CA2FF14F}.Release|x86.ActiveCfg = Release|Any CPU
		{5D573677-A759-4CCD-A4C1-C1B3CA2FF14F}.Release|x86.Build.0 = Release|Any CPU
		{A6550F54-1FE1-4F7B-9F54-142ABE0563F9}.Ad-Hoc|Any CPU.ActiveCfg = Debug|Any CPU
		{A6550F54-1FE1-4F7B-9F54-142ABE0563F9}.Ad-Hoc|Any CPU.Build.0 = Debug|Any CPU
		{A6550F54-1FE1-4F7B-9F54-142ABE0563F9}.Ad-Hoc|ARM.ActiveCfg = Debug|Any CPU
		{A6550F54-1FE1-4F7B-9F54-142ABE0563F9}.Ad-Hoc|ARM.Build.0 = Debug|Any CPU
		{A6550F54-1FE1-4F7B-9F54-142ABE0563F9}.Ad-Hoc|iPhone.ActiveCfg = Debug|Any CPU
		{A6550F54-1FE1-4F7B-9F54-142ABE0563F9}.Ad-Hoc|iPhone.Build.0 = Debug|Any CPU
		{A6550F54-1FE1-4F7B-9F54-142ABE0563F9}.Ad-Hoc|iPhoneSimulator.ActiveCfg = Debug|Any CPU
		{A6550F54-1FE1-4F7B-9F54-142ABE0563F9}.Ad-Hoc|iPhoneSimulator.Build.0 = Debug|Any CPU
		{A6550F54-1FE1-4F7B-9F54-142ABE0563F9}.Ad-Hoc|x64.ActiveCfg = Debug|Any CPU
		{A6550F54-1FE1-4F7B-9F54-142ABE0563F9}.Ad-Hoc|x64.Build.0 = Debug|Any CPU
		{A6550F54-1FE1-4F7B-9F54-142ABE0563F9}.Ad-Hoc|x86.ActiveCfg = Debug|Any CPU
		{A6550F54-1FE1-4F7B-9F54-142ABE0563F9}.Ad-Hoc|x86.Build.0 = Debug|Any CPU
		{A6550F54-1FE1-4F7B-9F54-142ABE0563F9}.AppStore|Any CPU.ActiveCfg = Debug|Any CPU
		{A6550F54-1FE1-4F7B-9F54-142ABE0563F9}.AppStore|Any CPU.Build.0 = Debug|Any CPU
		{A6550F54-1FE1-4F7B-9F54-142ABE0563F9}.AppStore|ARM.ActiveCfg = Debug|Any CPU
		{A6550F54-1FE1-4F7B-9F54-142ABE0563F9}.AppStore|ARM.Build.0 = Debug|Any CPU
		{A6550F54-1FE1-4F7B-9F54-142ABE0563F9}.AppStore|iPhone.ActiveCfg = Debug|Any CPU
		{A6550F54-1FE1-4F7B-9F54-142ABE0563F9}.AppStore|iPhone.Build.0 = Debug|Any CPU
		{A6550F54-1FE1-4F7B-9F54-142ABE0563F9}.AppStore|iPhoneSimulator.ActiveCfg = Debug|Any CPU
		{A6550F54-1FE1-4F7B-9F54-142ABE0563F9}.AppStore|iPhoneSimulator.Build.0 = Debug|Any CPU
		{A6550F54-1FE1-4F7B-9F54-142ABE0563F9}.AppStore|x64.ActiveCfg = Debug|Any CPU
		{A6550F54-1FE1-4F7B-9F54-142ABE0563F9}.AppStore|x64.Build.0 = Debug|Any CPU
		{A6550F54-1FE1-4F7B-9F54-142ABE0563F9}.AppStore|x86.ActiveCfg = Debug|Any CPU
		{A6550F54-1FE1-4F7B-9F54-142ABE0563F9}.AppStore|x86.Build.0 = Debug|Any CPU
		{A6550F54-1FE1-4F7B-9F54-142ABE0563F9}.Debug|Any CPU.ActiveCfg = Debug|Any CPU
		{A6550F54-1FE1-4F7B-9F54-142ABE0563F9}.Debug|Any CPU.Build.0 = Debug|Any CPU
		{A6550F54-1FE1-4F7B-9F54-142ABE0563F9}.Debug|ARM.ActiveCfg = Debug|Any CPU
		{A6550F54-1FE1-4F7B-9F54-142ABE0563F9}.Debug|ARM.Build.0 = Debug|Any CPU
		{A6550F54-1FE1-4F7B-9F54-142ABE0563F9}.Debug|iPhone.ActiveCfg = Debug|Any CPU
		{A6550F54-1FE1-4F7B-9F54-142ABE0563F9}.Debug|iPhone.Build.0 = Debug|Any CPU
		{A6550F54-1FE1-4F7B-9F54-142ABE0563F9}.Debug|iPhoneSimulator.ActiveCfg = Debug|Any CPU
		{A6550F54-1FE1-4F7B-9F54-142ABE0563F9}.Debug|iPhoneSimulator.Build.0 = Debug|Any CPU
		{A6550F54-1FE1-4F7B-9F54-142ABE0563F9}.Debug|x64.ActiveCfg = Debug|Any CPU
		{A6550F54-1FE1-4F7B-9F54-142ABE0563F9}.Debug|x64.Build.0 = Debug|Any CPU
		{A6550F54-1FE1-4F7B-9F54-142ABE0563F9}.Debug|x86.ActiveCfg = Debug|Any CPU
		{A6550F54-1FE1-4F7B-9F54-142ABE0563F9}.Debug|x86.Build.0 = Debug|Any CPU
		{A6550F54-1FE1-4F7B-9F54-142ABE0563F9}.Release|Any CPU.ActiveCfg = Release|Any CPU
		{A6550F54-1FE1-4F7B-9F54-142ABE0563F9}.Release|Any CPU.Build.0 = Release|Any CPU
		{A6550F54-1FE1-4F7B-9F54-142ABE0563F9}.Release|ARM.ActiveCfg = Release|Any CPU
		{A6550F54-1FE1-4F7B-9F54-142ABE0563F9}.Release|ARM.Build.0 = Release|Any CPU
		{A6550F54-1FE1-4F7B-9F54-142ABE0563F9}.Release|iPhone.ActiveCfg = Release|Any CPU
		{A6550F54-1FE1-4F7B-9F54-142ABE0563F9}.Release|iPhone.Build.0 = Release|Any CPU
		{A6550F54-1FE1-4F7B-9F54-142ABE0563F9}.Release|iPhoneSimulator.ActiveCfg = Release|Any CPU
		{A6550F54-1FE1-4F7B-9F54-142ABE0563F9}.Release|iPhoneSimulator.Build.0 = Release|Any CPU
		{A6550F54-1FE1-4F7B-9F54-142ABE0563F9}.Release|x64.ActiveCfg = Release|Any CPU
		{A6550F54-1FE1-4F7B-9F54-142ABE0563F9}.Release|x64.Build.0 = Release|Any CPU
		{A6550F54-1FE1-4F7B-9F54-142ABE0563F9}.Release|x86.ActiveCfg = Release|Any CPU
		{A6550F54-1FE1-4F7B-9F54-142ABE0563F9}.Release|x86.Build.0 = Release|Any CPU
		{2CD99720-25F4-4B0F-9BA3-1CA0D446967E}.Ad-Hoc|Any CPU.ActiveCfg = Release|Any CPU
		{2CD99720-25F4-4B0F-9BA3-1CA0D446967E}.Ad-Hoc|Any CPU.Build.0 = Release|Any CPU
		{2CD99720-25F4-4B0F-9BA3-1CA0D446967E}.Ad-Hoc|Any CPU.Deploy.0 = Release|Any CPU
		{2CD99720-25F4-4B0F-9BA3-1CA0D446967E}.Ad-Hoc|ARM.ActiveCfg = Release|Any CPU
		{2CD99720-25F4-4B0F-9BA3-1CA0D446967E}.Ad-Hoc|ARM.Build.0 = Release|Any CPU
		{2CD99720-25F4-4B0F-9BA3-1CA0D446967E}.Ad-Hoc|ARM.Deploy.0 = Release|Any CPU
		{2CD99720-25F4-4B0F-9BA3-1CA0D446967E}.Ad-Hoc|iPhone.ActiveCfg = Release|Any CPU
		{2CD99720-25F4-4B0F-9BA3-1CA0D446967E}.Ad-Hoc|iPhone.Build.0 = Release|Any CPU
		{2CD99720-25F4-4B0F-9BA3-1CA0D446967E}.Ad-Hoc|iPhone.Deploy.0 = Release|Any CPU
		{2CD99720-25F4-4B0F-9BA3-1CA0D446967E}.Ad-Hoc|iPhoneSimulator.ActiveCfg = Release|Any CPU
		{2CD99720-25F4-4B0F-9BA3-1CA0D446967E}.Ad-Hoc|iPhoneSimulator.Build.0 = Release|Any CPU
		{2CD99720-25F4-4B0F-9BA3-1CA0D446967E}.Ad-Hoc|iPhoneSimulator.Deploy.0 = Release|Any CPU
		{2CD99720-25F4-4B0F-9BA3-1CA0D446967E}.Ad-Hoc|x64.ActiveCfg = Release|Any CPU
		{2CD99720-25F4-4B0F-9BA3-1CA0D446967E}.Ad-Hoc|x64.Build.0 = Release|Any CPU
		{2CD99720-25F4-4B0F-9BA3-1CA0D446967E}.Ad-Hoc|x64.Deploy.0 = Release|Any CPU
		{2CD99720-25F4-4B0F-9BA3-1CA0D446967E}.Ad-Hoc|x86.ActiveCfg = Release|Any CPU
		{2CD99720-25F4-4B0F-9BA3-1CA0D446967E}.Ad-Hoc|x86.Build.0 = Release|Any CPU
		{2CD99720-25F4-4B0F-9BA3-1CA0D446967E}.Ad-Hoc|x86.Deploy.0 = Release|Any CPU
		{2CD99720-25F4-4B0F-9BA3-1CA0D446967E}.AppStore|Any CPU.ActiveCfg = Release|Any CPU
		{2CD99720-25F4-4B0F-9BA3-1CA0D446967E}.AppStore|Any CPU.Build.0 = Release|Any CPU
		{2CD99720-25F4-4B0F-9BA3-1CA0D446967E}.AppStore|Any CPU.Deploy.0 = Release|Any CPU
		{2CD99720-25F4-4B0F-9BA3-1CA0D446967E}.AppStore|ARM.ActiveCfg = Release|Any CPU
		{2CD99720-25F4-4B0F-9BA3-1CA0D446967E}.AppStore|ARM.Build.0 = Release|Any CPU
		{2CD99720-25F4-4B0F-9BA3-1CA0D446967E}.AppStore|ARM.Deploy.0 = Release|Any CPU
		{2CD99720-25F4-4B0F-9BA3-1CA0D446967E}.AppStore|iPhone.ActiveCfg = Release|Any CPU
		{2CD99720-25F4-4B0F-9BA3-1CA0D446967E}.AppStore|iPhone.Build.0 = Release|Any CPU
		{2CD99720-25F4-4B0F-9BA3-1CA0D446967E}.AppStore|iPhone.Deploy.0 = Release|Any CPU
		{2CD99720-25F4-4B0F-9BA3-1CA0D446967E}.AppStore|iPhoneSimulator.ActiveCfg = Release|Any CPU
		{2CD99720-25F4-4B0F-9BA3-1CA0D446967E}.AppStore|iPhoneSimulator.Build.0 = Release|Any CPU
		{2CD99720-25F4-4B0F-9BA3-1CA0D446967E}.AppStore|iPhoneSimulator.Deploy.0 = Release|Any CPU
		{2CD99720-25F4-4B0F-9BA3-1CA0D446967E}.AppStore|x64.ActiveCfg = Release|Any CPU
		{2CD99720-25F4-4B0F-9BA3-1CA0D446967E}.AppStore|x64.Build.0 = Release|Any CPU
		{2CD99720-25F4-4B0F-9BA3-1CA0D446967E}.AppStore|x64.Deploy.0 = Release|Any CPU
		{2CD99720-25F4-4B0F-9BA3-1CA0D446967E}.AppStore|x86.ActiveCfg = Release|Any CPU
		{2CD99720-25F4-4B0F-9BA3-1CA0D446967E}.AppStore|x86.Build.0 = Release|Any CPU
		{2CD99720-25F4-4B0F-9BA3-1CA0D446967E}.AppStore|x86.Deploy.0 = Release|Any CPU
		{2CD99720-25F4-4B0F-9BA3-1CA0D446967E}.Debug|Any CPU.ActiveCfg = Debug|Any CPU
		{2CD99720-25F4-4B0F-9BA3-1CA0D446967E}.Debug|Any CPU.Build.0 = Debug|Any CPU
		{2CD99720-25F4-4B0F-9BA3-1CA0D446967E}.Debug|Any CPU.Deploy.0 = Debug|Any CPU
		{2CD99720-25F4-4B0F-9BA3-1CA0D446967E}.Debug|ARM.ActiveCfg = Debug|Any CPU
		{2CD99720-25F4-4B0F-9BA3-1CA0D446967E}.Debug|ARM.Build.0 = Debug|Any CPU
		{2CD99720-25F4-4B0F-9BA3-1CA0D446967E}.Debug|ARM.Deploy.0 = Debug|Any CPU
		{2CD99720-25F4-4B0F-9BA3-1CA0D446967E}.Debug|iPhone.ActiveCfg = Debug|Any CPU
		{2CD99720-25F4-4B0F-9BA3-1CA0D446967E}.Debug|iPhoneSimulator.ActiveCfg = Debug|Any CPU
		{2CD99720-25F4-4B0F-9BA3-1CA0D446967E}.Debug|x64.ActiveCfg = Debug|Any CPU
		{2CD99720-25F4-4B0F-9BA3-1CA0D446967E}.Debug|x64.Build.0 = Debug|Any CPU
		{2CD99720-25F4-4B0F-9BA3-1CA0D446967E}.Debug|x64.Deploy.0 = Debug|Any CPU
		{2CD99720-25F4-4B0F-9BA3-1CA0D446967E}.Debug|x86.ActiveCfg = Debug|Any CPU
		{2CD99720-25F4-4B0F-9BA3-1CA0D446967E}.Debug|x86.Build.0 = Debug|Any CPU
		{2CD99720-25F4-4B0F-9BA3-1CA0D446967E}.Debug|x86.Deploy.0 = Debug|Any CPU
		{2CD99720-25F4-4B0F-9BA3-1CA0D446967E}.Release|Any CPU.ActiveCfg = Release|Any CPU
		{2CD99720-25F4-4B0F-9BA3-1CA0D446967E}.Release|Any CPU.Build.0 = Release|Any CPU
		{2CD99720-25F4-4B0F-9BA3-1CA0D446967E}.Release|Any CPU.Deploy.0 = Release|Any CPU
		{2CD99720-25F4-4B0F-9BA3-1CA0D446967E}.Release|ARM.ActiveCfg = Release|Any CPU
		{2CD99720-25F4-4B0F-9BA3-1CA0D446967E}.Release|ARM.Build.0 = Release|Any CPU
		{2CD99720-25F4-4B0F-9BA3-1CA0D446967E}.Release|ARM.Deploy.0 = Release|Any CPU
		{2CD99720-25F4-4B0F-9BA3-1CA0D446967E}.Release|iPhone.ActiveCfg = Release|Any CPU
		{2CD99720-25F4-4B0F-9BA3-1CA0D446967E}.Release|iPhone.Build.0 = Release|Any CPU
		{2CD99720-25F4-4B0F-9BA3-1CA0D446967E}.Release|iPhone.Deploy.0 = Release|Any CPU
		{2CD99720-25F4-4B0F-9BA3-1CA0D446967E}.Release|iPhoneSimulator.ActiveCfg = Release|Any CPU
		{2CD99720-25F4-4B0F-9BA3-1CA0D446967E}.Release|iPhoneSimulator.Build.0 = Release|Any CPU
		{2CD99720-25F4-4B0F-9BA3-1CA0D446967E}.Release|iPhoneSimulator.Deploy.0 = Release|Any CPU
		{2CD99720-25F4-4B0F-9BA3-1CA0D446967E}.Release|x64.ActiveCfg = Release|Any CPU
		{2CD99720-25F4-4B0F-9BA3-1CA0D446967E}.Release|x64.Build.0 = Release|Any CPU
		{2CD99720-25F4-4B0F-9BA3-1CA0D446967E}.Release|x64.Deploy.0 = Release|Any CPU
		{2CD99720-25F4-4B0F-9BA3-1CA0D446967E}.Release|x86.ActiveCfg = Release|Any CPU
		{2CD99720-25F4-4B0F-9BA3-1CA0D446967E}.Release|x86.Build.0 = Release|Any CPU
		{2CD99720-25F4-4B0F-9BA3-1CA0D446967E}.Release|x86.Deploy.0 = Release|Any CPU
		{8D2DBF52-FA2B-459E-A602-8861EFB5D5BA}.Ad-Hoc|Any CPU.ActiveCfg = Ad-Hoc|iPhone
		{8D2DBF52-FA2B-459E-A602-8861EFB5D5BA}.Ad-Hoc|ARM.ActiveCfg = Ad-Hoc|iPhone
		{8D2DBF52-FA2B-459E-A602-8861EFB5D5BA}.Ad-Hoc|iPhone.ActiveCfg = Ad-Hoc|iPhone
		{8D2DBF52-FA2B-459E-A602-8861EFB5D5BA}.Ad-Hoc|iPhone.Build.0 = Ad-Hoc|iPhone
		{8D2DBF52-FA2B-459E-A602-8861EFB5D5BA}.Ad-Hoc|iPhoneSimulator.ActiveCfg = Ad-Hoc|iPhoneSimulator
		{8D2DBF52-FA2B-459E-A602-8861EFB5D5BA}.Ad-Hoc|iPhoneSimulator.Build.0 = Ad-Hoc|iPhoneSimulator
		{8D2DBF52-FA2B-459E-A602-8861EFB5D5BA}.Ad-Hoc|x64.ActiveCfg = Ad-Hoc|iPhone
		{8D2DBF52-FA2B-459E-A602-8861EFB5D5BA}.Ad-Hoc|x86.ActiveCfg = Ad-Hoc|iPhone
		{8D2DBF52-FA2B-459E-A602-8861EFB5D5BA}.AppStore|Any CPU.ActiveCfg = AppStore|iPhone
		{8D2DBF52-FA2B-459E-A602-8861EFB5D5BA}.AppStore|ARM.ActiveCfg = AppStore|iPhone
		{8D2DBF52-FA2B-459E-A602-8861EFB5D5BA}.AppStore|iPhone.ActiveCfg = AppStore|iPhone
		{8D2DBF52-FA2B-459E-A602-8861EFB5D5BA}.AppStore|iPhone.Build.0 = AppStore|iPhone
		{8D2DBF52-FA2B-459E-A602-8861EFB5D5BA}.AppStore|iPhoneSimulator.ActiveCfg = AppStore|iPhoneSimulator
		{8D2DBF52-FA2B-459E-A602-8861EFB5D5BA}.AppStore|iPhoneSimulator.Build.0 = AppStore|iPhoneSimulator
		{8D2DBF52-FA2B-459E-A602-8861EFB5D5BA}.AppStore|x64.ActiveCfg = AppStore|iPhone
		{8D2DBF52-FA2B-459E-A602-8861EFB5D5BA}.AppStore|x86.ActiveCfg = AppStore|iPhone
		{8D2DBF52-FA2B-459E-A602-8861EFB5D5BA}.Debug|Any CPU.ActiveCfg = Debug|iPhone
		{8D2DBF52-FA2B-459E-A602-8861EFB5D5BA}.Debug|ARM.ActiveCfg = Debug|iPhone
		{8D2DBF52-FA2B-459E-A602-8861EFB5D5BA}.Debug|iPhone.ActiveCfg = Debug|iPhone
		{8D2DBF52-FA2B-459E-A602-8861EFB5D5BA}.Debug|iPhone.Build.0 = Debug|iPhone
		{8D2DBF52-FA2B-459E-A602-8861EFB5D5BA}.Debug|iPhoneSimulator.ActiveCfg = Debug|iPhoneSimulator
		{8D2DBF52-FA2B-459E-A602-8861EFB5D5BA}.Debug|iPhoneSimulator.Build.0 = Debug|iPhoneSimulator
		{8D2DBF52-FA2B-459E-A602-8861EFB5D5BA}.Debug|x64.ActiveCfg = Debug|iPhone
		{8D2DBF52-FA2B-459E-A602-8861EFB5D5BA}.Debug|x86.ActiveCfg = Debug|iPhone
		{8D2DBF52-FA2B-459E-A602-8861EFB5D5BA}.Release|Any CPU.ActiveCfg = Release|iPhone
		{8D2DBF52-FA2B-459E-A602-8861EFB5D5BA}.Release|ARM.ActiveCfg = Release|iPhone
		{8D2DBF52-FA2B-459E-A602-8861EFB5D5BA}.Release|iPhone.ActiveCfg = Release|iPhone
		{8D2DBF52-FA2B-459E-A602-8861EFB5D5BA}.Release|iPhone.Build.0 = Release|iPhone
		{8D2DBF52-FA2B-459E-A602-8861EFB5D5BA}.Release|iPhoneSimulator.ActiveCfg = Release|iPhoneSimulator
		{8D2DBF52-FA2B-459E-A602-8861EFB5D5BA}.Release|iPhoneSimulator.Build.0 = Release|iPhoneSimulator
		{8D2DBF52-FA2B-459E-A602-8861EFB5D5BA}.Release|x64.ActiveCfg = Release|iPhone
		{8D2DBF52-FA2B-459E-A602-8861EFB5D5BA}.Release|x86.ActiveCfg = Release|iPhone
		{05942418-87D5-4422-865B-F42BE38F0F72}.Ad-Hoc|Any CPU.ActiveCfg = Release|x86
		{05942418-87D5-4422-865B-F42BE38F0F72}.Ad-Hoc|Any CPU.Build.0 = Release|x86
		{05942418-87D5-4422-865B-F42BE38F0F72}.Ad-Hoc|Any CPU.Deploy.0 = Release|x86
		{05942418-87D5-4422-865B-F42BE38F0F72}.Ad-Hoc|ARM.ActiveCfg = Release|ARM
		{05942418-87D5-4422-865B-F42BE38F0F72}.Ad-Hoc|ARM.Build.0 = Release|ARM
		{05942418-87D5-4422-865B-F42BE38F0F72}.Ad-Hoc|ARM.Deploy.0 = Release|ARM
		{05942418-87D5-4422-865B-F42BE38F0F72}.Ad-Hoc|iPhone.ActiveCfg = Release|x86
		{05942418-87D5-4422-865B-F42BE38F0F72}.Ad-Hoc|iPhone.Build.0 = Release|x86
		{05942418-87D5-4422-865B-F42BE38F0F72}.Ad-Hoc|iPhone.Deploy.0 = Release|x86
		{05942418-87D5-4422-865B-F42BE38F0F72}.Ad-Hoc|iPhoneSimulator.ActiveCfg = Release|x86
		{05942418-87D5-4422-865B-F42BE38F0F72}.Ad-Hoc|iPhoneSimulator.Build.0 = Release|x86
		{05942418-87D5-4422-865B-F42BE38F0F72}.Ad-Hoc|iPhoneSimulator.Deploy.0 = Release|x86
		{05942418-87D5-4422-865B-F42BE38F0F72}.Ad-Hoc|x64.ActiveCfg = Release|x64
		{05942418-87D5-4422-865B-F42BE38F0F72}.Ad-Hoc|x64.Build.0 = Release|x64
		{05942418-87D5-4422-865B-F42BE38F0F72}.Ad-Hoc|x64.Deploy.0 = Release|x64
		{05942418-87D5-4422-865B-F42BE38F0F72}.Ad-Hoc|x86.ActiveCfg = Release|x86
		{05942418-87D5-4422-865B-F42BE38F0F72}.Ad-Hoc|x86.Build.0 = Release|x86
		{05942418-87D5-4422-865B-F42BE38F0F72}.Ad-Hoc|x86.Deploy.0 = Release|x86
		{05942418-87D5-4422-865B-F42BE38F0F72}.AppStore|Any CPU.ActiveCfg = Release|x86
		{05942418-87D5-4422-865B-F42BE38F0F72}.AppStore|Any CPU.Build.0 = Release|x86
		{05942418-87D5-4422-865B-F42BE38F0F72}.AppStore|Any CPU.Deploy.0 = Release|x86
		{05942418-87D5-4422-865B-F42BE38F0F72}.AppStore|ARM.ActiveCfg = Release|ARM
		{05942418-87D5-4422-865B-F42BE38F0F72}.AppStore|ARM.Build.0 = Release|ARM
		{05942418-87D5-4422-865B-F42BE38F0F72}.AppStore|ARM.Deploy.0 = Release|ARM
		{05942418-87D5-4422-865B-F42BE38F0F72}.AppStore|iPhone.ActiveCfg = Release|x86
		{05942418-87D5-4422-865B-F42BE38F0F72}.AppStore|iPhone.Build.0 = Release|x86
		{05942418-87D5-4422-865B-F42BE38F0F72}.AppStore|iPhone.Deploy.0 = Release|x86
		{05942418-87D5-4422-865B-F42BE38F0F72}.AppStore|iPhoneSimulator.ActiveCfg = Release|x86
		{05942418-87D5-4422-865B-F42BE38F0F72}.AppStore|iPhoneSimulator.Build.0 = Release|x86
		{05942418-87D5-4422-865B-F42BE38F0F72}.AppStore|iPhoneSimulator.Deploy.0 = Release|x86
		{05942418-87D5-4422-865B-F42BE38F0F72}.AppStore|x64.ActiveCfg = Release|x64
		{05942418-87D5-4422-865B-F42BE38F0F72}.AppStore|x64.Build.0 = Release|x64
		{05942418-87D5-4422-865B-F42BE38F0F72}.AppStore|x64.Deploy.0 = Release|x64
		{05942418-87D5-4422-865B-F42BE38F0F72}.AppStore|x86.ActiveCfg = Release|x86
		{05942418-87D5-4422-865B-F42BE38F0F72}.AppStore|x86.Build.0 = Release|x86
		{05942418-87D5-4422-865B-F42BE38F0F72}.AppStore|x86.Deploy.0 = Release|x86
		{05942418-87D5-4422-865B-F42BE38F0F72}.Debug|Any CPU.ActiveCfg = Debug|x86
		{05942418-87D5-4422-865B-F42BE38F0F72}.Debug|ARM.ActiveCfg = Debug|ARM
		{05942418-87D5-4422-865B-F42BE38F0F72}.Debug|ARM.Build.0 = Debug|ARM
		{05942418-87D5-4422-865B-F42BE38F0F72}.Debug|ARM.Deploy.0 = Debug|ARM
		{05942418-87D5-4422-865B-F42BE38F0F72}.Debug|iPhone.ActiveCfg = Debug|x86
		{05942418-87D5-4422-865B-F42BE38F0F72}.Debug|iPhoneSimulator.ActiveCfg = Debug|x86
		{05942418-87D5-4422-865B-F42BE38F0F72}.Debug|x64.ActiveCfg = Debug|x64
		{05942418-87D5-4422-865B-F42BE38F0F72}.Debug|x64.Build.0 = Debug|x64
		{05942418-87D5-4422-865B-F42BE38F0F72}.Debug|x64.Deploy.0 = Debug|x64
		{05942418-87D5-4422-865B-F42BE38F0F72}.Debug|x86.ActiveCfg = Debug|x86
		{05942418-87D5-4422-865B-F42BE38F0F72}.Debug|x86.Build.0 = Debug|x86
		{05942418-87D5-4422-865B-F42BE38F0F72}.Debug|x86.Deploy.0 = Debug|x86
		{05942418-87D5-4422-865B-F42BE38F0F72}.Release|Any CPU.ActiveCfg = Release|x86
		{05942418-87D5-4422-865B-F42BE38F0F72}.Release|ARM.ActiveCfg = Release|ARM
		{05942418-87D5-4422-865B-F42BE38F0F72}.Release|ARM.Build.0 = Release|ARM
		{05942418-87D5-4422-865B-F42BE38F0F72}.Release|ARM.Deploy.0 = Release|ARM
		{05942418-87D5-4422-865B-F42BE38F0F72}.Release|iPhone.ActiveCfg = Release|x86
		{05942418-87D5-4422-865B-F42BE38F0F72}.Release|iPhoneSimulator.ActiveCfg = Release|x86
		{05942418-87D5-4422-865B-F42BE38F0F72}.Release|x64.ActiveCfg = Release|x64
		{05942418-87D5-4422-865B-F42BE38F0F72}.Release|x64.Build.0 = Release|x64
		{05942418-87D5-4422-865B-F42BE38F0F72}.Release|x64.Deploy.0 = Release|x64
		{05942418-87D5-4422-865B-F42BE38F0F72}.Release|x86.ActiveCfg = Release|x86
		{05942418-87D5-4422-865B-F42BE38F0F72}.Release|x86.Build.0 = Release|x86
		{05942418-87D5-4422-865B-F42BE38F0F72}.Release|x86.Deploy.0 = Release|x86
	EndGlobalSection
	GlobalSection(SolutionProperties) = preSolution
		HideSolutionNode = FALSE
	EndGlobalSection
	GlobalSection(NestedProjects) = preSolution
		{5D573677-A759-4CCD-A4C1-C1B3CA2FF14F} = {F7670559-8868-458F-9A7F-1E294732E2B9}
		{A6550F54-1FE1-4F7B-9F54-142ABE0563F9} = {93AE8F8A-C80E-4DA7-B9FA-9A23665F2444}
		{2CD99720-25F4-4B0F-9BA3-1CA0D446967E} = {93AE8F8A-C80E-4DA7-B9FA-9A23665F2444}
		{8D2DBF52-FA2B-459E-A602-8861EFB5D5BA} = {93AE8F8A-C80E-4DA7-B9FA-9A23665F2444}
		{05942418-87D5-4422-865B-F42BE38F0F72} = {93AE8F8A-C80E-4DA7-B9FA-9A23665F2444}
	EndGlobalSection
	GlobalSection(ExtensibilityGlobals) = postSolution
		SolutionGuid = {5B3CAFAE-EE71-424D-8094-1B595DBA951F}
	EndGlobalSection
EndGlobal
